
Microsoft Visual Studio Solution File, Format Version 12.00
# Visual Studio Version 17
VisualStudioVersion = 17.2.32602.215
MinimumVisualStudioVersion = 10.0.40219.1
Project("{FAE04EC0-301F-11D3-BF4B-00C04F79EFBC}") = "AriBilgi.BankApp.Web", "AriBilgi.BankApp.Web\AriBilgi.BankApp.Web.csproj", "{B7D33EB5-01CF-48C4-ABD4-102A5806AD87}"
EndProject
Global
	GlobalSection(SolutionConfigurationPlatforms) = preSolution
		Debug|Any CPU = Debug|Any CPU
		Release|Any CPU = Release|Any CPU
	EndGlobalSection
	GlobalSection(ProjectConfigurationPlatforms) = postSolution
		{B7D33EB5-01CF-48C4-ABD4-102A5806AD87}.Debug|Any CPU.ActiveCfg = Debug|Any CPU
		{B7D33EB5-01CF-48C4-ABD4-102A5806AD87}.Debug|Any CPU.Build.0 = Debug|Any CPU
		{B7D33EB5-01CF-48C4-ABD4-102A5806AD87}.Release|Any CPU.ActiveCfg = Release|Any CPU
		{B7D33EB5-01CF-48C4-ABD4-102A5806AD87}.Release|Any CPU.Build.0 = Release|Any CPU
	EndGlobalSection
	GlobalSection(SolutionProperties) = preSolution
		HideSolutionNode = FALSE
	EndGlobalSection
	GlobalSection(ExtensibilityGlobals) = postSolution
		SolutionGuid = {3307A701-A242-4235-81F7-380F305830B9}
	EndGlobalSection
EndGlobal
